
Microsoft Visual Studio Solution File, Format Version 12.00
# Visual Studio Version 16
VisualStudioVersion = 16.0.31613.86
MinimumVisualStudioVersion = 10.0.40219.1
Project("{9A19103F-16F7-4668-BE54-9A1E7A4F7556}") = "NScript.AndroidBot", "src\NScript.AndroidBot\NScript.AndroidBot.csproj", "{DFCB399C-81C8-45E0-A590-F934B62AE4D7}"
EndProject
Project("{FAE04EC0-301F-11D3-BF4B-00C04F79EFBC}") = "NScript.AndroidBot.WpfUI", "src\NScript.AndroidBot.WpfUI\NScript.AndroidBot.WpfUI.csproj", "{90BABA48-3C5B-420A-A65F-A8F9DC4179A6}"
EndProject
Global
	GlobalSection(SolutionConfigurationPlatforms) = preSolution
		Debug|Any CPU = Debug|Any CPU
		Release|Any CPU = Release|Any CPU
	EndGlobalSection
	GlobalSection(ProjectConfigurationPlatforms) = postSolution
		{DFCB399C-81C8-45E0-A590-F934B62AE4D7}.Debug|Any CPU.ActiveCfg = Debug|Any CPU
		{DFCB399C-81C8-45E0-A590-F934B62AE4D7}.Debug|Any CPU.Build.0 = Debug|Any CPU
		{DFCB399C-81C8-45E0-A590-F934B62AE4D7}.Release|Any CPU.ActiveCfg = Release|Any CPU
		{DFCB399C-81C8-45E0-A590-F934B62AE4D7}.Release|Any CPU.Build.0 = Release|Any CPU
		{90BABA48-3C5B-420A-A65F-A8F9DC4179A6}.Debug|Any CPU.ActiveCfg = Debug|Any CPU
		{90BABA48-3C5B-420A-A65F-A8F9DC4179A6}.Debug|Any CPU.Build.0 = Debug|Any CPU
		{90BABA48-3C5B-420A-A65F-A8F9DC4179A6}.Release|Any CPU.ActiveCfg = Release|Any CPU
		{90BABA48-3C5B-420A-A65F-A8F9DC4179A6}.Release|Any CPU.Build.0 = Release|Any CPU
	EndGlobalSection
	GlobalSection(SolutionProperties) = preSolution
		HideSolutionNode = FALSE
	EndGlobalSection
	GlobalSection(ExtensibilityGlobals) = postSolution
		SolutionGuid = {0C790531-781A-4A25-A3BD-D36995E4EFEB}
	EndGlobalSection
EndGlobal
